
Microsoft Visual Studio Solution File, Format Version 12.00
# Visual Studio Version 17
VisualStudioVersion = 17.3.32825.248
MinimumVisualStudioVersion = 10.0.40219.1
Project("{FAE04EC0-301F-11D3-BF4B-00C04F79EFBC}") = "assign_3", "assign_3\assign_3.csproj", "{62EBA6A9-2E53-482B-8569-3C119788BFF4}"
EndProject
Global
	GlobalSection(SolutionConfigurationPlatforms) = preSolution
		Debug|Any CPU = Debug|Any CPU
		Release|Any CPU = Release|Any CPU
	EndGlobalSection
	GlobalSection(ProjectConfigurationPlatforms) = postSolution
		{62EBA6A9-2E53-482B-8569-3C119788BFF4}.Debug|Any CPU.ActiveCfg = Debug|Any CPU
		{62EBA6A9-2E53-482B-8569-3C119788BFF4}.Debug|Any CPU.Build.0 = Debug|Any CPU
		{62EBA6A9-2E53-482B-8569-3C119788BFF4}.Release|Any CPU.ActiveCfg = Release|Any CPU
		{62EBA6A9-2E53-482B-8569-3C119788BFF4}.Release|Any CPU.Build.0 = Release|Any CPU
	EndGlobalSection
	GlobalSection(SolutionProperties) = preSolution
		HideSolutionNode = FALSE
	EndGlobalSection
	GlobalSection(ExtensibilityGlobals) = postSolution
		SolutionGuid = {BBBD409A-E6FD-4E0C-91EE-0F1AF6CF628C}
	EndGlobalSection
EndGlobal
